
Microsoft Visual Studio Solution File, Format Version 12.00
# Visual Studio Version 17
VisualStudioVersion = 17.6.33829.357
MinimumVisualStudioVersion = 10.0.40219.1
Project("{9A19103F-16F7-4668-BE54-9A1E7A4F7556}") = "WeatherMonitoringAndReportingService", "WeatherMonitoringAndReportingService.csproj", "{11D4F4C0-3E54-4678-984C-8FA6B921AEE7}"
EndProject
Project("{FAE04EC0-301F-11D3-BF4B-00C04F79EFBC}") = "WeatherMonitoringAndReportService.Tests", "..\WeatherMonitoringAndReportService.Tests\WeatherMonitoringAndReportService.Tests.csproj", "{44222BA9-FD9E-48C4-BBF3-33640FC3BB00}"
EndProject
Global
	GlobalSection(SolutionConfigurationPlatforms) = preSolution
		Debug|Any CPU = Debug|Any CPU
		Release|Any CPU = Release|Any CPU
	EndGlobalSection
	GlobalSection(ProjectConfigurationPlatforms) = postSolution
		{11D4F4C0-3E54-4678-984C-8FA6B921AEE7}.Debug|Any CPU.ActiveCfg = Debug|Any CPU
		{11D4F4C0-3E54-4678-984C-8FA6B921AEE7}.Debug|Any CPU.Build.0 = Debug|Any CPU
		{11D4F4C0-3E54-4678-984C-8FA6B921AEE7}.Release|Any CPU.ActiveCfg = Release|Any CPU
		{11D4F4C0-3E54-4678-984C-8FA6B921AEE7}.Release|Any CPU.Build.0 = Release|Any CPU
		{44222BA9-FD9E-48C4-BBF3-33640FC3BB00}.Debug|Any CPU.ActiveCfg = Debug|Any CPU
		{44222BA9-FD9E-48C4-BBF3-33640FC3BB00}.Debug|Any CPU.Build.0 = Debug|Any CPU
		{44222BA9-FD9E-48C4-BBF3-33640FC3BB00}.Release|Any CPU.ActiveCfg = Release|Any CPU
		{44222BA9-FD9E-48C4-BBF3-33640FC3BB00}.Release|Any CPU.Build.0 = Release|Any CPU
	EndGlobalSection
	GlobalSection(SolutionProperties) = preSolution
		HideSolutionNode = FALSE
	EndGlobalSection
	GlobalSection(ExtensibilityGlobals) = postSolution
		SolutionGuid = {99610AE9-0764-4535-A907-42C0920E6590}
	EndGlobalSection
EndGlobal
